
Microsoft Visual Studio Solution File, Format Version 12.00
# Visual Studio 15
Project("{FAE04EC0-301F-11D3-BF4B-00C04F79EFBC}") = "BankEncapsulation", "BankEncapsulation\BankEncapsulation.csproj", "{60F08A7F-7870-41F4-B27F-98067DF0BBCE}"
EndProject
Global
	GlobalSection(SolutionConfigurationPlatforms) = preSolution
		Debug|Any CPU = Debug|Any CPU
		Release|Any CPU = Release|Any CPU
	EndGlobalSection
	GlobalSection(ProjectConfigurationPlatforms) = postSolution
		{60F08A7F-7870-41F4-B27F-98067DF0BBCE}.Debug|Any CPU.ActiveCfg = Debug|Any CPU
		{60F08A7F-7870-41F4-B27F-98067DF0BBCE}.Debug|Any CPU.Build.0 = Debug|Any CPU
		{60F08A7F-7870-41F4-B27F-98067DF0BBCE}.Release|Any CPU.ActiveCfg = Release|Any CPU
		{60F08A7F-7870-41F4-B27F-98067DF0BBCE}.Release|Any CPU.Build.0 = Release|Any CPU
	EndGlobalSection
EndGlobal
